
Microsoft Visual Studio Solution File, Format Version 12.00
# Visual Studio Version 17
VisualStudioVersion = 17.2.32630.192
MinimumVisualStudioVersion = 10.0.40219.1
Project("{9A19103F-16F7-4668-BE54-9A1E7A4F7556}") = "F10Y.NG0015", "F10Y.NG0015\F10Y.NG0015.csproj", "{1111E562-3A20-46B7-850A-72A8CE3FFE94}"
EndProject
Global
	GlobalSection(SolutionConfigurationPlatforms) = preSolution
		Debug|Any CPU = Debug|Any CPU
		Release|Any CPU = Release|Any CPU
	EndGlobalSection
	GlobalSection(ProjectConfigurationPlatforms) = postSolution
		{1111E562-3A20-46B7-850A-72A8CE3FFE94}.Debug|Any CPU.ActiveCfg = Debug|Any CPU
		{1111E562-3A20-46B7-850A-72A8CE3FFE94}.Debug|Any CPU.Build.0 = Debug|Any CPU
		{1111E562-3A20-46B7-850A-72A8CE3FFE94}.Release|Any CPU.ActiveCfg = Release|Any CPU
		{1111E562-3A20-46B7-850A-72A8CE3FFE94}.Release|Any CPU.Build.0 = Release|Any CPU
	EndGlobalSection
	GlobalSection(SolutionProperties) = preSolution
		HideSolutionNode = FALSE
	EndGlobalSection
	GlobalSection(ExtensibilityGlobals) = postSolution
		SolutionGuid = {FE05C5E9-B974-4848-B5D0-52949BA2E65F}
	EndGlobalSection
EndGlobal
